{
  "version": 4,
  "terraform_version": "1.0.11",
  "serial": 54,
  "lineage": "66aecc7a-9be2-aae9-2d9f-37026f5fcd7e",
  "outputs": {},
  "resources": [
    {
      "mode": "data",
      "type": "google_client_config",
      "name": "template-gke-client-config",
      "provider": "provider[\"registry.terraform.io/hashicorp/google\"]",
      "instances": [
        {
          "schema_version": 0,
          "attributes": {
            "access_token": "ya29.c.b0AXv0zTMviUw2OdbaqUnFiv3ecK1kXOAvpeIhhtzE_LOltXTdWvZKszKUUDpb7RvMb9HcfihNz7YRtYq09LY_SJDtQGrq4H58hjV_Yoq53dJoqyPDSeUgCD6WYkTxVoxWuVABu9LbZDJD0hMz2BVhFOTuzECWs9Qdz3eKI0z6Aa5HSySgbcizfKTNiD0JhWVSz6XLe9iQXE2De9xB08iVtOV2IywEQKev",
            "id": "projects/personal-331119/regions//zones/",
            "project": "personal-331119",
            "region": "",
            "zone": ""
          },
          "sensitive_attributes": []
        }
      ]
    },
    {
      "mode": "managed",
      "type": "google_compute_network",
      "name": "template-network",
      "provider": "provider[\"registry.terraform.io/hashicorp/google\"]",
      "instances": [
        {
          "schema_version": 0,
          "attributes": {
            "auto_create_subnetworks": false,
            "delete_default_routes_on_create": false,
            "description": "",
            "gateway_ipv4": "",
            "id": "projects/personal-331119/global/networks/template-network",
            "mtu": 0,
            "name": "template-network",
            "project": "personal-331119",
            "routing_mode": "REGIONAL",
            "self_link": "https://www.googleapis.com/compute/v1/projects/personal-331119/global/networks/template-network",
            "timeouts": null
          },
          "sensitive_attributes": [],
          "private": "eyJlMmJmYjczMC1lY2FhLTExZTYtOGY4OC0zNDM2M2JjN2M0YzAiOnsiY3JlYXRlIjoyNDAwMDAwMDAwMDAsImRlbGV0ZSI6MjQwMDAwMDAwMDAwLCJ1cGRhdGUiOjI0MDAwMDAwMDAwMH19"
        }
      ]
    },
    {
      "mode": "managed",
      "type": "google_compute_subnetwork",
      "name": "template-subnetwork",
      "provider": "provider[\"registry.terraform.io/hashicorp/google\"]",
      "instances": [
        {
          "schema_version": 0,
          "attributes": {
            "creation_timestamp": "2021-12-09T10:34:37.803-08:00",
            "description": "",
            "external_ipv6_prefix": "",
            "fingerprint": null,
            "gateway_address": "10.2.0.1",
            "id": "projects/personal-331119/regions/europe-central2/subnetworks/template-subnetwork",
            "ip_cidr_range": "10.2.0.0/16",
            "ipv6_access_type": "",
            "ipv6_cidr_range": "",
            "log_config": [],
            "name": "template-subnetwork",
            "network": "https://www.googleapis.com/compute/v1/projects/personal-331119/global/networks/template-network",
            "private_ip_google_access": false,
            "private_ipv6_google_access": "DISABLE_GOOGLE_ACCESS",
            "project": "personal-331119",
            "purpose": "PRIVATE",
            "region": "europe-central2",
            "role": "",
            "secondary_ip_range": [
              {
                "ip_cidr_range": "192.168.1.0/24",
                "range_name": "service-range"
              },
              {
                "ip_cidr_range": "192.168.64.0/22",
                "range_name": "pod-ranges"
              }
            ],
            "self_link": "https://www.googleapis.com/compute/v1/projects/personal-331119/regions/europe-central2/subnetworks/template-subnetwork",
            "stack_type": "IPV4_ONLY",
            "timeouts": null
          },
          "sensitive_attributes": [],
          "private": "eyJlMmJmYjczMC1lY2FhLTExZTYtOGY4OC0zNDM2M2JjN2M0YzAiOnsiY3JlYXRlIjozNjAwMDAwMDAwMDAsImRlbGV0ZSI6MzYwMDAwMDAwMDAwLCJ1cGRhdGUiOjM2MDAwMDAwMDAwMH19",
          "dependencies": [
            "google_compute_network.template-network"
          ]
        }
      ]
    },
    {
      "mode": "managed",
      "type": "google_container_cluster",
      "name": "template-gke-cluster",
      "provider": "provider[\"registry.terraform.io/hashicorp/google\"]",
      "instances": [
        {
          "schema_version": 1,
          "attributes": {
            "addons_config": [
              {
                "cloudrun_config": [],
                "horizontal_pod_autoscaling": [],
                "http_load_balancing": [],
                "network_policy_config": [
                  {
                    "disabled": true
                  }
                ]
              }
            ],
            "authenticator_groups_config": [],
            "cluster_autoscaling": [
              {
                "auto_provisioning_defaults": [],
                "enabled": false,
                "resource_limits": []
              }
            ],
            "cluster_ipv4_cidr": "192.168.1.0/24",
            "database_encryption": [
              {
                "key_name": "",
                "state": "DECRYPTED"
              }
            ],
            "datapath_provider": "",
            "default_max_pods_per_node": 110,
            "default_snat_status": [
              {
                "disabled": false
              }
            ],
            "description": "",
            "enable_autopilot": false,
            "enable_binary_authorization": false,
            "enable_intranode_visibility": false,
            "enable_kubernetes_alpha": false,
            "enable_legacy_abac": false,
            "enable_shielded_nodes": true,
            "enable_tpu": false,
            "endpoint": "34.116.156.59",
            "id": "projects/personal-331119/locations/europe-central2-a/clusters/template-gke-cluster",
            "initial_node_count": 1,
            "ip_allocation_policy": [
              {
                "cluster_ipv4_cidr_block": "192.168.1.0/24",
                "cluster_secondary_range_name": "service-range",
                "services_ipv4_cidr_block": "192.168.64.0/22",
                "services_secondary_range_name": "pod-ranges"
              }
            ],
            "label_fingerprint": "a9dc16a7",
            "location": "europe-central2-a",
            "logging_config": [
              {
                "enable_components": []
              }
            ],
            "logging_service": "none",
            "maintenance_policy": [],
            "master_auth": [
              {
                "client_certificate": "",
                "client_certificate_config": [
                  {
                    "issue_client_certificate": false
                  }
                ],
                "client_key": "",
                "cluster_ca_certificate": "LS0tLS1CRUdJTiBDRVJUSUZJQ0FURS0tLS0tCk1JSUVMRENDQXBTZ0F3SUJBZ0lRY2VabGUxT3l1a3ZOekNNSUhnUVpvakFOQmdrcWhraUc5dzBCQVFzRkFEQXYKTVMwd0t3WURWUVFERXlSbE5qRmlaVGs1TkMweU9EUXpMVFF5TkRNdE9HTmpaUzA0TkRJMk1qZzJaVGRtTVRNdwpJQmNOTWpFeE1qQTVNVGN6TlRFMFdoZ1BNakExTVRFeU1ESXhPRE0xTVRSYU1DOHhMVEFyQmdOVkJBTVRKR1UyCk1XSmxPVGswTFRJNE5ETXROREkwTXkwNFkyTmxMVGcwTWpZeU9EWmxOMll4TXpDQ0FhSXdEUVlKS29aSWh2Y04KQVFFQkJRQURnZ0dQQURDQ0FZb0NnZ0dCQUs1UVJzRmJpZEpqTzY5OTFkdjcxUEhkYVhETEk1MXNYUWRnYzdCaApuZ1V6eTMzMmcrc0tIQU5aZ0FYdXlrakl1UVlaL3kzUERMODg0T2hwYjBCWnptRmhRMEFKRHZNMlFvbWtsekNiCmdBT0lHazBONHdOQ1JiYWpNWXpOZHJYbW53SjZ2cm90bVJvQXluRmdBS2xUTkE2UUluNmREbzNXd016MDYrWU8KU0owVXhPbkxOa2IvckVaRVJBS3lpZUNmeXJZNU5Gd3FQQkRXVUFHcEwwc3pOOGQ0YTlQb1Q0eDQ3cWJDSHovcgo2ckFSejdCa0YzVERpditZUEQ3bXVVaWZ3WC9YSTRpQXA5Vys2Tk5SOXRkTnluKy9neitoUEo0NCtzRWtseDliCjJoSkxyd1N5YVQxSURaRS9ja2ZEbWUyZzkyM0F6clJvY2dTVW40emk2VzVMNXdNTG9aNEpCM1lySm01ZUE0K0UKMkQ3c3NDL2FtL3hZeXFqTzZRM0lrbmduYXYwTnFQZUNsdXFBUENzb3c4bTZSeFhEQzgzSlZvcDBWQzh0TzA0WAp1blI4ZUxEaVkzajRWd3dGbUFaWkxIeld3d2VUR21NeUEweTdsSWpTb3p1b3RCcmtsSEdTZGNnaUN1ZVVvTG9uCkFwY3RZRGF1dWdoMnN3ZmM4aERvc2dVaFRRSURBUUFCbzBJd1FEQU9CZ05WSFE4QkFmOEVCQU1DQWdRd0R3WUQKVlIwVEFRSC9CQVV3QXdFQi96QWRCZ05WSFE0RUZnUVVzc1c0aVBKcGJzWStaMi9tb1lQeHNZWnhQYWd3RFFZSgpLb1pJaHZjTkFRRUxCUUFEZ2dHQkFBN1pBZVhoSEwwb01SWmw2TVpkWWN5VFlCTHllN0EzV1N1dURRTjZkMGtCClZPTFpOeUkwVm5Uek94cXNNdWhObUNWUko0b2pCOERMVnpzYXRYdkp2SlJocmpLU2RvOUZoTmgyeE13WlgwR0kKVm9KVDN3aDFhYlpsRmV6K3pLUDVXOWNhK1pSbHBPUmtxM04xSGhOQk8rNSs0alZIRmZOTVg4Rm51WE1iKytCSApld2p0a0ZYb0JYUFR6R3p1K1dHMSttR2ZPRitiMGtqOWw4RkovcUFqZjhMbWh5S01GdmlRQkdLclg3VmdZR0Q1ClBJNVM5V01mV1RWU3VkMlA4anEzMi90VEFLTERKWStmbzN1NzVFZDBUQVE1QVF1cTFzT1lNZEdXNnMxcUNzZEgKSi9XTlFHSHd6cEE1RGhLYjh1UThKd1NkdGdYbzFhS25nMjBJL3ZqdDNaV2FXUEhvVzdUQWZaTUV2TFFoSkNSWQphbmFhaWJ0MjhKMDNUTk1ybHl0cjAvdjU3aGtSYzYyVXJRRnhSRVdCdVRMYmZybW1oWFVPYUpibTRhblg1WS9xCkJpdzN3UFRzNFRrNEk2T3pad2xEcDhWZGp2N3BQNy9kTWVLWklQalo3ZTN6Zk5HYmYzdU9zTWZXTjB1MEJxRS8KZWZIQkhyU2F2U0J3ckRFTGFLa1ZPdz09Ci0tLS0tRU5EIENFUlRJRklDQVRFLS0tLS0K"
              }
            ],
            "master_authorized_networks_config": [],
            "master_version": "1.21.5-gke.1302",
            "min_master_version": null,
            "monitoring_config": [
              {
                "enable_components": []
              }
            ],
            "monitoring_service": "none",
            "name": "template-gke-cluster",
            "network": "projects/personal-331119/global/networks/template-network",
            "network_policy": [
              {
                "enabled": false,
                "provider": "PROVIDER_UNSPECIFIED"
              }
            ],
            "networking_mode": "VPC_NATIVE",
            "node_config": [],
            "node_locations": [],
            "node_pool": [],
            "node_version": "1.21.5-gke.1302",
            "operation": null,
            "private_cluster_config": [],
            "private_ipv6_google_access": "",
            "project": "personal-331119",
            "release_channel": [
              {
                "channel": "REGULAR"
              }
            ],
            "remove_default_node_pool": true,
            "resource_labels": null,
            "resource_usage_export_config": [],
            "self_link": "https://container.googleapis.com/v1/projects/personal-331119/zones/europe-central2-a/clusters/template-gke-cluster",
            "services_ipv4_cidr": "192.168.64.0/22",
            "subnetwork": "projects/personal-331119/regions/europe-central2/subnetworks/template-subnetwork",
            "timeouts": null,
            "tpu_ipv4_cidr_block": "",
            "vertical_pod_autoscaling": [],
            "workload_identity_config": []
          },
          "sensitive_attributes": [],
          "private": "eyJlMmJmYjczMC1lY2FhLTExZTYtOGY4OC0zNDM2M2JjN2M0YzAiOnsiY3JlYXRlIjoyNDAwMDAwMDAwMDAwLCJkZWxldGUiOjI0MDAwMDAwMDAwMDAsInJlYWQiOjI0MDAwMDAwMDAwMDAsInVwZGF0ZSI6MzYwMDAwMDAwMDAwMH0sInNjaGVtYV92ZXJzaW9uIjoiMSJ9",
          "dependencies": [
            "google_compute_network.template-network",
            "google_compute_subnetwork.template-subnetwork"
          ]
        }
      ]
    },
    {
      "mode": "managed",
      "type": "google_container_node_pool",
      "name": "template-gke-node-pool",
      "provider": "provider[\"registry.terraform.io/hashicorp/google\"]",
      "instances": [
        {
          "schema_version": 1,
          "attributes": {
            "autoscaling": [],
            "cluster": "template-gke-cluster",
            "id": "projects/personal-331119/locations/europe-central2-a/clusters/template-gke-cluster/nodePools/template-gke-node-pool",
            "initial_node_count": 1,
            "instance_group_urls": [
              "https://www.googleapis.com/compute/v1/projects/personal-331119/zones/europe-central2-a/instanceGroupManagers/gke-template-gke-clu-template-gke-nod-8d6fe220-grp"
            ],
            "location": "europe-central2-a",
            "managed_instance_group_urls": [
              "https://www.googleapis.com/compute/v1/projects/personal-331119/zones/europe-central2-a/instanceGroups/gke-template-gke-clu-template-gke-nod-8d6fe220-grp"
            ],
            "management": [
              {
                "auto_repair": true,
                "auto_upgrade": true
              }
            ],
            "max_pods_per_node": 110,
            "name": "template-gke-node-pool",
            "name_prefix": "",
            "node_config": [
              {
                "disk_size_gb": 10,
                "disk_type": "pd-standard",
                "guest_accelerator": [],
                "image_type": "COS_CONTAINERD",
                "labels": {},
                "local_ssd_count": 0,
                "machine_type": "e2-medium",
                "metadata": {
                  "disable-legacy-endpoints": "true"
                },
                "min_cpu_platform": "",
                "oauth_scopes": [
                  "https://www.googleapis.com/auth/monitoring.write"
                ],
                "preemptible": true,
                "service_account": "default",
                "shielded_instance_config": [
                  {
                    "enable_integrity_monitoring": true,
                    "enable_secure_boot": false
                  }
                ],
                "tags": null,
                "taint": [],
                "workload_metadata_config": []
              }
            ],
            "node_count": 1,
            "node_locations": [
              "europe-central2-a"
            ],
            "operation": null,
            "project": "personal-331119",
            "timeouts": null,
            "upgrade_settings": [
              {
                "max_surge": 1,
                "max_unavailable": 0
              }
            ],
            "version": "1.21.5-gke.1302"
          },
          "sensitive_attributes": [],
          "private": "eyJlMmJmYjczMC1lY2FhLTExZTYtOGY4OC0zNDM2M2JjN2M0YzAiOnsiY3JlYXRlIjoxODAwMDAwMDAwMDAwLCJkZWxldGUiOjE4MDAwMDAwMDAwMDAsInVwZGF0ZSI6MTgwMDAwMDAwMDAwMH0sInNjaGVtYV92ZXJzaW9uIjoiMSJ9",
          "dependencies": [
            "google_compute_network.template-network",
            "google_compute_subnetwork.template-subnetwork",
            "google_container_cluster.template-gke-cluster"
          ]
        }
      ]
    },
    {
      "mode": "managed",
      "type": "helm_release",
      "name": "template",
      "provider": "provider[\"registry.terraform.io/hashicorp/helm\"]",
      "instances": [
        {
          "schema_version": 0,
          "attributes": {
            "atomic": false,
            "chart": "template",
            "cleanup_on_fail": false,
            "create_namespace": false,
            "dependency_update": false,
            "description": null,
            "devel": null,
            "disable_crd_hooks": false,
            "disable_openapi_validation": false,
            "disable_webhooks": false,
            "force_update": false,
            "id": "template",
            "keyring": null,
            "lint": false,
            "manifest": null,
            "max_history": 0,
            "metadata": [
              {
                "app_version": "",
                "chart": "template",
                "name": "template",
                "namespace": "default",
                "revision": 1,
                "values": "{}",
                "version": "0.0.1"
              }
            ],
            "name": "template",
            "namespace": "default",
            "postrender": [],
            "recreate_pods": false,
            "render_subchart_notes": true,
            "replace": false,
            "repository": "https://raw.githubusercontent.com/sebczu/helm-charts/master/",
            "repository_ca_file": null,
            "repository_cert_file": null,
            "repository_key_file": null,
            "repository_password": "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",
            "repository_username": "sebczu",
            "reset_values": false,
            "reuse_values": false,
            "set": [],
            "set_sensitive": [],
            "skip_crds": false,
            "status": "deployed",
            "timeout": 300,
            "values": null,
            "verify": false,
            "version": "0.0.1",
            "wait": true,
            "wait_for_jobs": false
          },
          "sensitive_attributes": [],
          "private": "bnVsbA==",
          "dependencies": [
            "data.google_client_config.template-gke-client-config",
            "google_compute_network.template-network",
            "google_compute_subnetwork.template-subnetwork",
            "google_container_cluster.template-gke-cluster"
          ]
        }
      ]
    },
    {
      "mode": "managed",
      "type": "kubernetes_namespace",
      "name": "template-namespace",
      "provider": "provider[\"registry.terraform.io/hashicorp/kubernetes\"]",
      "instances": [
        {
          "schema_version": 0,
          "attributes": {
            "id": "template",
            "metadata": [
              {
                "annotations": null,
                "generate_name": "",
                "generation": 0,
                "labels": null,
                "name": "template",
                "resource_version": "1950",
                "uid": "bd152320-49e2-4cd3-9b52-d14a7181a76c"
              }
            ],
            "timeouts": null
          },
          "sensitive_attributes": [],
          "private": "eyJlMmJmYjczMC1lY2FhLTExZTYtOGY4OC0zNDM2M2JjN2M0YzAiOnsiZGVsZXRlIjozMDAwMDAwMDAwMDB9fQ==",
          "dependencies": [
            "data.google_client_config.template-gke-client-config",
            "google_compute_network.template-network",
            "google_compute_subnetwork.template-subnetwork",
            "google_container_cluster.template-gke-cluster"
          ]
        }
      ]
    },
    {
      "mode": "managed",
      "type": "kubernetes_secret",
      "name": "registry-credential",
      "provider": "provider[\"registry.terraform.io/hashicorp/kubernetes\"]",
      "instances": [
        {
          "schema_version": 0,
          "attributes": {
            "binary_data": null,
            "data": {
              ".dockerconfigjson": "{\n  \"auths\": {\n    \"https://index.docker.io/v1/\": {\n      \"auth\": \"c2ViY3p1Onp2em1jNXY3UGFzcyE=\"\n    }\n  },\n  \"HttpHeaders\": {\n    \"User-Agent\": \"Docker-Client/19.03.11 (linux)\"\n  }\n}"
            },
            "id": "template/registry-credential",
            "immutable": false,
            "metadata": [
              {
                "annotations": null,
                "generate_name": "",
                "generation": 0,
                "labels": null,
                "name": "registry-credential",
                "namespace": "template",
                "resource_version": "1955",
                "uid": "9286affc-9073-4e89-808b-fbb8cf980195"
              }
            ],
            "type": "kubernetes.io/dockerconfigjson"
          },
          "sensitive_attributes": [],
          "private": "bnVsbA==",
          "dependencies": [
            "data.google_client_config.template-gke-client-config",
            "google_compute_network.template-network",
            "google_compute_subnetwork.template-subnetwork",
            "google_container_cluster.template-gke-cluster"
          ]
        }
      ]
    }
  ]
}
