{
  "version": 4,
  "terraform_version": "1.0.11",
  "serial": 41,
  "lineage": "66aecc7a-9be2-aae9-2d9f-37026f5fcd7e",
  "outputs": {},
  "resources": [
    {
      "mode": "managed",
      "type": "google_compute_network",
      "name": "template-network",
      "provider": "provider[\"registry.terraform.io/hashicorp/google\"]",
      "instances": [
        {
          "schema_version": 0,
          "attributes": {
            "auto_create_subnetworks": false,
            "delete_default_routes_on_create": false,
            "description": "",
            "gateway_ipv4": "",
            "id": "projects/personal-331119/global/networks/template-network",
            "mtu": 0,
            "name": "template-network",
            "project": "personal-331119",
            "routing_mode": "REGIONAL",
            "self_link": "https://www.googleapis.com/compute/v1/projects/personal-331119/global/networks/template-network",
            "timeouts": null
          },
          "sensitive_attributes": [],
          "private": "eyJlMmJmYjczMC1lY2FhLTExZTYtOGY4OC0zNDM2M2JjN2M0YzAiOnsiY3JlYXRlIjoyNDAwMDAwMDAwMDAsImRlbGV0ZSI6MjQwMDAwMDAwMDAwLCJ1cGRhdGUiOjI0MDAwMDAwMDAwMH19"
        }
      ]
    },
    {
      "mode": "managed",
      "type": "google_compute_subnetwork",
      "name": "template-subnetwork",
      "provider": "provider[\"registry.terraform.io/hashicorp/google\"]",
      "instances": [
        {
          "schema_version": 0,
          "attributes": {
            "creation_timestamp": "2021-11-21T04:44:43.572-08:00",
            "description": "",
            "external_ipv6_prefix": "",
            "fingerprint": null,
            "gateway_address": "10.2.0.1",
            "id": "projects/personal-331119/regions/europe-central2/subnetworks/template-subnetwork",
            "ip_cidr_range": "10.2.0.0/16",
            "ipv6_access_type": "",
            "ipv6_cidr_range": "",
            "log_config": [],
            "name": "template-subnetwork",
            "network": "https://www.googleapis.com/compute/v1/projects/personal-331119/global/networks/template-network",
            "private_ip_google_access": false,
            "private_ipv6_google_access": "DISABLE_GOOGLE_ACCESS",
            "project": "personal-331119",
            "purpose": "PRIVATE",
            "region": "europe-central2",
            "role": "",
            "secondary_ip_range": [
              {
                "ip_cidr_range": "192.168.1.0/24",
                "range_name": "service-range"
              },
              {
                "ip_cidr_range": "192.168.64.0/22",
                "range_name": "pod-ranges"
              }
            ],
            "self_link": "https://www.googleapis.com/compute/v1/projects/personal-331119/regions/europe-central2/subnetworks/template-subnetwork",
            "stack_type": "IPV4_ONLY",
            "timeouts": null
          },
          "sensitive_attributes": [],
          "private": "eyJlMmJmYjczMC1lY2FhLTExZTYtOGY4OC0zNDM2M2JjN2M0YzAiOnsiY3JlYXRlIjozNjAwMDAwMDAwMDAsImRlbGV0ZSI6MzYwMDAwMDAwMDAwLCJ1cGRhdGUiOjM2MDAwMDAwMDAwMH19",
          "dependencies": [
            "google_compute_network.template-network"
          ]
        }
      ]
    },
    {
      "mode": "managed",
      "type": "google_container_cluster",
      "name": "template-gke-cluster",
      "provider": "provider[\"registry.terraform.io/hashicorp/google\"]",
      "instances": [
        {
          "schema_version": 1,
          "attributes": {
            "addons_config": [
              {
                "cloudrun_config": [],
                "horizontal_pod_autoscaling": [],
                "http_load_balancing": [],
                "network_policy_config": [
                  {
                    "disabled": true
                  }
                ]
              }
            ],
            "authenticator_groups_config": [],
            "cluster_autoscaling": [
              {
                "auto_provisioning_defaults": [],
                "enabled": false,
                "resource_limits": []
              }
            ],
            "cluster_ipv4_cidr": "192.168.1.0/24",
            "database_encryption": [
              {
                "key_name": "",
                "state": "DECRYPTED"
              }
            ],
            "datapath_provider": "",
            "default_max_pods_per_node": 110,
            "default_snat_status": [
              {
                "disabled": false
              }
            ],
            "description": "",
            "enable_autopilot": false,
            "enable_binary_authorization": false,
            "enable_intranode_visibility": false,
            "enable_kubernetes_alpha": false,
            "enable_legacy_abac": false,
            "enable_shielded_nodes": true,
            "enable_tpu": false,
            "endpoint": "34.116.139.105",
            "id": "projects/personal-331119/locations/europe-central2-a/clusters/template-gke-cluster",
            "initial_node_count": 1,
            "ip_allocation_policy": [
              {
                "cluster_ipv4_cidr_block": "192.168.1.0/24",
                "cluster_secondary_range_name": "service-range",
                "services_ipv4_cidr_block": "192.168.64.0/22",
                "services_secondary_range_name": "pod-ranges"
              }
            ],
            "label_fingerprint": "a9dc16a7",
            "location": "europe-central2-a",
            "logging_config": [
              {
                "enable_components": []
              }
            ],
            "logging_service": "none",
            "maintenance_policy": [],
            "master_auth": [
              {
                "client_certificate": "",
                "client_certificate_config": [
                  {
                    "issue_client_certificate": false
                  }
                ],
                "client_key": "",
                "cluster_ca_certificate": "LS0tLS1CRUdJTiBDRVJUSUZJQ0FURS0tLS0tCk1JSUVMVENDQXBXZ0F3SUJBZ0lSQU96Ym1YSjYxcWhlRFZBd1F0Z0RoeEV3RFFZSktvWklodmNOQVFFTEJRQXcKTHpFdE1Dc0dBMVVFQXhNa05UZzNOMkZpTldRdE9UWXdZUzAwTUdaa0xUZzJZbVV0Tm1NME9USmpZbVkwTkRaagpNQ0FYRFRJeE1URXlNVEV4TkRVeU1Gb1lEekl3TlRFeE1URTBNVEkwTlRJd1dqQXZNUzB3S3dZRFZRUURFeVExCk9EYzNZV0kxWkMwNU5qQmhMVFF3Wm1RdE9EWmlaUzAyWXpRNU1tTmlaalEwTm1Nd2dnR2lNQTBHQ1NxR1NJYjMKRFFFQkFRVUFBNElCandBd2dnR0tBb0lCZ1FETGZiWnNYVGsvdi9DMWNBNmtqcDNxYUh2QXdpb3FmYmtmamlvZwpoMEhjMjNiWHVuRXRha0IzZnZ0OS9KVG9tQm5qU3pNb1lQZU9SV01OdW1SbXNIWVg5Wi9lQjJjK01YRHMreWw0Cm1oRnY5YkY4Zy9CWkhPOGNDMzhBN0tUVDVIVk12Rm5ZK2lmMnVhK0dQQmxNcjNobXRKUVJ6elRvSXY1anNZb2IKTHYvNHJtV2N0SFR4aVJoWEtvVGRxSGN6VmpBV2YyamJnOTRkdmFyMEZWN2FKL3BiWERwc1RRZ25rUk5zN2w3bgphZTNMTDFVK3ZVMjl1UWlhN2tyaXZXOXg3eUgzRGNtYjU1VDRrTXZQSmJ4dFNEV2NRRXJSSTBJbEFzSzBhWjh2Ck9zRmV1QU8zd1hKUlB4ei9TaDlzY1Bsdm91OGErcXNuREVkVVZUb05KMkw5MnZMYXdGa29qOEl0R2pzeXR4VHEKc2RIU2xnbExCMVNLS1ZxckIxMTBIUGJMMTdpKzVYN1BWS0ViVmI2NUlyYXV2YjZGTFA2NE9hbG9CUTBXQWdLMQpZR2RzdGgwQ2NYVzQ2cEI3WXBBak5tczN5V3pYUkl3QllTbm4xeURHaEQ2UnhFSVIrUFptcmc1LzkvT0JlQlMyCjUyalJLVUlmTmd1MUR3eUNjaXNhWm8xUktIMENBd0VBQWFOQ01FQXdEZ1lEVlIwUEFRSC9CQVFEQWdJRU1BOEcKQTFVZEV3RUIvd1FGTUFNQkFmOHdIUVlEVlIwT0JCWUVGSG9ycXl5ZVltOFNpaCtvWW9CYmxMcnZtcEFJTUEwRwpDU3FHU0liM0RRRUJDd1VBQTRJQmdRQWJscVNXaUcvc283ZUJCWi84WW1KbnhPZHRWVXlKNDM2S2IzSXRpNHNiCitKRmxtUGZZMUpTQWhlTHU5ZEFkc1lEZCs3SWMrTmEzMFQ2cTJoRkhQMzdQdkhhVmJsVVZKMGhLVVBlZE5ncHcKRURGNmNkaUJmNmhPMCs0ZFhYd0JPaVd2TExZSXVTQ3lLbFZHd09GNUtnMDRTaXFlSWNaZ0RaTzZqZ2lJTXlYRQpvV0V3cDFzeFIveDBVaGovd1lKeWpGWENEK0E3NVJzOVdJT0U5SmorNW9mSEc4KzdvZERlSlRTVGF4cjhkVmpiCmwxd1g4c3B0Z2E3cXNRcTk0aFZ2NTZPSUpXRnc5VEJEYnNCTmMwVnlYWUdZL1JaN2lPaWRJVVRpQ24yNTh2US8KdzBNWnBzQnV5c0lnZnZRL3dMT2FmVnk0OUkxSVJiQVJkTjBtbEgwVkNmeFB2UnV3Z2pCZyt0eVF6Qm5rb0J4Mwp3dDR6TFZzeklJc3Z2cXJiUkxNVVNMYnhNaXFDaUhEcXNEVXhxZ1FDeThlTHNnVGFESUpkeEhGU09Ea0RUT3ZDCnVGRmNYV0M2SnNxa1hZcXdML0xHcGJZT0VmSURwa1F4aXFJVVpMSHNHVWNteVpxZk5ma09valhuZnJDM0czWHkKbXR5TUVzQ05wVEsxM2JrSHh1QVd4czA9Ci0tLS0tRU5EIENFUlRJRklDQVRFLS0tLS0K"
              }
            ],
            "master_authorized_networks_config": [],
            "master_version": "1.21.5-gke.1302",
            "min_master_version": null,
            "monitoring_config": [
              {
                "enable_components": []
              }
            ],
            "monitoring_service": "none",
            "name": "template-gke-cluster",
            "network": "projects/personal-331119/global/networks/template-network",
            "network_policy": [
              {
                "enabled": false,
                "provider": "PROVIDER_UNSPECIFIED"
              }
            ],
            "networking_mode": "VPC_NATIVE",
            "node_config": [],
            "node_locations": [],
            "node_pool": [],
            "node_version": "1.21.5-gke.1302",
            "operation": null,
            "private_cluster_config": [],
            "private_ipv6_google_access": "",
            "project": "personal-331119",
            "release_channel": [
              {
                "channel": "REGULAR"
              }
            ],
            "remove_default_node_pool": true,
            "resource_labels": null,
            "resource_usage_export_config": [],
            "self_link": "https://container.googleapis.com/v1/projects/personal-331119/zones/europe-central2-a/clusters/template-gke-cluster",
            "services_ipv4_cidr": "192.168.64.0/22",
            "subnetwork": "projects/personal-331119/regions/europe-central2/subnetworks/template-subnetwork",
            "timeouts": null,
            "tpu_ipv4_cidr_block": "",
            "vertical_pod_autoscaling": [],
            "workload_identity_config": []
          },
          "sensitive_attributes": [],
          "private": "eyJlMmJmYjczMC1lY2FhLTExZTYtOGY4OC0zNDM2M2JjN2M0YzAiOnsiY3JlYXRlIjoyNDAwMDAwMDAwMDAwLCJkZWxldGUiOjI0MDAwMDAwMDAwMDAsInJlYWQiOjI0MDAwMDAwMDAwMDAsInVwZGF0ZSI6MzYwMDAwMDAwMDAwMH0sInNjaGVtYV92ZXJzaW9uIjoiMSJ9",
          "dependencies": [
            "google_compute_network.template-network",
            "google_compute_subnetwork.template-subnetwork"
          ]
        }
      ]
    },
    {
      "mode": "managed",
      "type": "google_container_node_pool",
      "name": "template-gke-node-pool",
      "provider": "provider[\"registry.terraform.io/hashicorp/google\"]",
      "instances": [
        {
          "schema_version": 1,
          "attributes": {
            "autoscaling": [],
            "cluster": "template-gke-cluster",
            "id": "projects/personal-331119/locations/europe-central2-a/clusters/template-gke-cluster/nodePools/template-gke-node-pool",
            "initial_node_count": 1,
            "instance_group_urls": [
              "https://www.googleapis.com/compute/v1/projects/personal-331119/zones/europe-central2-a/instanceGroupManagers/gke-template-gke-clu-template-gke-nod-b73e1553-grp"
            ],
            "location": "europe-central2-a",
            "managed_instance_group_urls": [
              "https://www.googleapis.com/compute/v1/projects/personal-331119/zones/europe-central2-a/instanceGroups/gke-template-gke-clu-template-gke-nod-b73e1553-grp"
            ],
            "management": [
              {
                "auto_repair": true,
                "auto_upgrade": true
              }
            ],
            "max_pods_per_node": 110,
            "name": "template-gke-node-pool",
            "name_prefix": "",
            "node_config": [
              {
                "disk_size_gb": 10,
                "disk_type": "pd-standard",
                "guest_accelerator": [],
                "image_type": "COS_CONTAINERD",
                "labels": {},
                "local_ssd_count": 0,
                "machine_type": "e2-medium",
                "metadata": {
                  "disable-legacy-endpoints": "true"
                },
                "min_cpu_platform": "",
                "oauth_scopes": [
                  "https://www.googleapis.com/auth/monitoring.write"
                ],
                "preemptible": true,
                "service_account": "default",
                "shielded_instance_config": [
                  {
                    "enable_integrity_monitoring": true,
                    "enable_secure_boot": false
                  }
                ],
                "tags": null,
                "taint": [],
                "workload_metadata_config": []
              }
            ],
            "node_count": 1,
            "node_locations": [
              "europe-central2-a"
            ],
            "operation": null,
            "project": "personal-331119",
            "timeouts": null,
            "upgrade_settings": [
              {
                "max_surge": 1,
                "max_unavailable": 0
              }
            ],
            "version": "1.21.5-gke.1302"
          },
          "sensitive_attributes": [],
          "private": "eyJlMmJmYjczMC1lY2FhLTExZTYtOGY4OC0zNDM2M2JjN2M0YzAiOnsiY3JlYXRlIjoxODAwMDAwMDAwMDAwLCJkZWxldGUiOjE4MDAwMDAwMDAwMDAsInVwZGF0ZSI6MTgwMDAwMDAwMDAwMH0sInNjaGVtYV92ZXJzaW9uIjoiMSJ9",
          "dependencies": [
            "google_compute_network.template-network",
            "google_compute_subnetwork.template-subnetwork",
            "google_container_cluster.template-gke-cluster"
          ]
        }
      ]
    }
  ]
}
