{
  "version": 4,
  "terraform_version": "1.0.11",
  "serial": 31,
  "lineage": "66aecc7a-9be2-aae9-2d9f-37026f5fcd7e",
  "outputs": {},
  "resources": [
    {
      "mode": "managed",
      "type": "google_compute_network",
      "name": "template-network",
      "provider": "provider[\"registry.terraform.io/hashicorp/google\"]",
      "instances": [
        {
          "schema_version": 0,
          "attributes": {
            "auto_create_subnetworks": false,
            "delete_default_routes_on_create": false,
            "description": "",
            "gateway_ipv4": "",
            "id": "projects/personal-331119/global/networks/template-network",
            "mtu": 0,
            "name": "template-network",
            "project": "personal-331119",
            "routing_mode": "REGIONAL",
            "self_link": "https://www.googleapis.com/compute/v1/projects/personal-331119/global/networks/template-network",
            "timeouts": null
          },
          "sensitive_attributes": [],
          "private": "eyJlMmJmYjczMC1lY2FhLTExZTYtOGY4OC0zNDM2M2JjN2M0YzAiOnsiY3JlYXRlIjoyNDAwMDAwMDAwMDAsImRlbGV0ZSI6MjQwMDAwMDAwMDAwLCJ1cGRhdGUiOjI0MDAwMDAwMDAwMH19"
        }
      ]
    },
    {
      "mode": "managed",
      "type": "google_compute_subnetwork",
      "name": "template-subnetwork",
      "provider": "provider[\"registry.terraform.io/hashicorp/google\"]",
      "instances": [
        {
          "schema_version": 0,
          "attributes": {
            "creation_timestamp": "2021-11-20T03:43:31.976-08:00",
            "description": "",
            "external_ipv6_prefix": "",
            "fingerprint": null,
            "gateway_address": "10.2.0.1",
            "id": "projects/personal-331119/regions/europe-central2/subnetworks/template-subnetwork",
            "ip_cidr_range": "10.2.0.0/16",
            "ipv6_access_type": "",
            "ipv6_cidr_range": "",
            "log_config": [],
            "name": "template-subnetwork",
            "network": "https://www.googleapis.com/compute/v1/projects/personal-331119/global/networks/template-network",
            "private_ip_google_access": false,
            "private_ipv6_google_access": "DISABLE_GOOGLE_ACCESS",
            "project": "personal-331119",
            "purpose": "PRIVATE",
            "region": "europe-central2",
            "role": "",
            "secondary_ip_range": [
              {
                "ip_cidr_range": "192.168.1.0/24",
                "range_name": "service-range"
              },
              {
                "ip_cidr_range": "192.168.64.0/22",
                "range_name": "pod-ranges"
              }
            ],
            "self_link": "https://www.googleapis.com/compute/v1/projects/personal-331119/regions/europe-central2/subnetworks/template-subnetwork",
            "stack_type": "IPV4_ONLY",
            "timeouts": null
          },
          "sensitive_attributes": [],
          "private": "eyJlMmJmYjczMC1lY2FhLTExZTYtOGY4OC0zNDM2M2JjN2M0YzAiOnsiY3JlYXRlIjozNjAwMDAwMDAwMDAsImRlbGV0ZSI6MzYwMDAwMDAwMDAwLCJ1cGRhdGUiOjM2MDAwMDAwMDAwMH19",
          "dependencies": [
            "google_compute_network.template-network"
          ]
        }
      ]
    },
    {
      "mode": "managed",
      "type": "google_container_cluster",
      "name": "template-gke-cluster",
      "provider": "provider[\"registry.terraform.io/hashicorp/google\"]",
      "instances": [
        {
          "schema_version": 1,
          "attributes": {
            "addons_config": [
              {
                "cloudrun_config": [],
                "horizontal_pod_autoscaling": [],
                "http_load_balancing": [],
                "network_policy_config": [
                  {
                    "disabled": true
                  }
                ]
              }
            ],
            "authenticator_groups_config": [],
            "cluster_autoscaling": [
              {
                "auto_provisioning_defaults": [],
                "enabled": false,
                "resource_limits": []
              }
            ],
            "cluster_ipv4_cidr": "192.168.1.0/24",
            "database_encryption": [
              {
                "key_name": "",
                "state": "DECRYPTED"
              }
            ],
            "datapath_provider": "",
            "default_max_pods_per_node": 110,
            "default_snat_status": [
              {
                "disabled": false
              }
            ],
            "description": "",
            "enable_autopilot": false,
            "enable_binary_authorization": false,
            "enable_intranode_visibility": false,
            "enable_kubernetes_alpha": false,
            "enable_legacy_abac": false,
            "enable_shielded_nodes": true,
            "enable_tpu": false,
            "endpoint": "34.118.3.117",
            "id": "projects/personal-331119/locations/europe-central2-a/clusters/template-gke-cluster",
            "initial_node_count": 1,
            "ip_allocation_policy": [
              {
                "cluster_ipv4_cidr_block": "192.168.1.0/24",
                "cluster_secondary_range_name": "service-range",
                "services_ipv4_cidr_block": "192.168.64.0/22",
                "services_secondary_range_name": "pod-ranges"
              }
            ],
            "label_fingerprint": "a9dc16a7",
            "location": "europe-central2-a",
            "logging_config": [
              {
                "enable_components": []
              }
            ],
            "logging_service": "none",
            "maintenance_policy": [],
            "master_auth": [
              {
                "client_certificate": "",
                "client_certificate_config": [
                  {
                    "issue_client_certificate": false
                  }
                ],
                "client_key": "",
                "cluster_ca_certificate": "LS0tLS1CRUdJTiBDRVJUSUZJQ0FURS0tLS0tCk1JSUVMRENDQXBTZ0F3SUJBZ0lRZUdML2QrOGovSmt3YVhtZ1daWWlDakFOQmdrcWhraUc5dzBCQVFzRkFEQXYKTVMwd0t3WURWUVFERXlRMk1XTm1NRFZtWVMwMFlXTTBMVFF5TWpRdE9HUmlPUzB3TkdNelpHTmlaVGcwTjJVdwpJQmNOTWpFeE1USXdNVEEwTkRBNFdoZ1BNakExTVRFeE1UTXhNVFEwTURoYU1DOHhMVEFyQmdOVkJBTVRKRFl4ClkyWXdOV1poTFRSaFl6UXROREl5TkMwNFpHSTVMVEEwWXpOa1kySmxPRFEzWlRDQ0FhSXdEUVlKS29aSWh2Y04KQVFFQkJRQURnZ0dQQURDQ0FZb0NnZ0dCQUttUnJnUC9SWHZuNktVUlYvY1RWVkxreEl2UFhyL1oxYmlJNGZjOQpMUkx1cFVWU1M4Sll6QmhqVkgvT1h0M1JGaXgvdWhXSGJ3VUh5cUduVXBRRVVhYmNXQVdRUWFNZUdHZkpvQ3d2CnJtSS9DOERPWDk5NFU1TzJaRERNTmNIL1Z6SkdESzFTVXVIdEg5cWxodkpGZmpLMzhqZ3RzTHZMa25EZGRTTnQKWlpRTlV5VGRuK1pHQTFlcnkrYVgyanJVNXZTWUxmWDkydDBjNjROcGgzcDcwK09TTHlBMmFXaXVDN3VNTXVpNgpvOEp4RDBnSWttSXVIL3VUdGgwY0g3Y3hKblozanRPTVJ5M1RnNUdJbkNJQmJ1K3pSYTF2TndkUnZzOGJSME1UCmZ5K0MrMVFLZklpb1FhZTBkYmZaNGluTThvN0RBdm1YVUlGK2E3SEZ1Y2dzTjZqQklWd2ZubFpTTnZEalNBZUsKUndZT3VVaEZMbUdkQy9ZeUtBMTc3cVY2Z3A3TE15L1RrS2drWS9Tem8ycHVXSFZOMFJPYkFZcFZCRnRUQit3bQpLYmlhM3QzR2N3aVIvOEVYT2I1ZmQyRmtiVldrWVNYakdZRnRZTndIbmt5TG5rUkVXYUw4eDAxdWFaRmlXblNTCmMyeTloRG4vV2dqRk96Q1BCenJzMGw5cVRRSURBUUFCbzBJd1FEQU9CZ05WSFE4QkFmOEVCQU1DQWdRd0R3WUQKVlIwVEFRSC9CQVV3QXdFQi96QWRCZ05WSFE0RUZnUVVzdk9DY25iQ28raVpKZUhrWG1KRGpiNUtOa293RFFZSgpLb1pJaHZjTkFRRUxCUUFEZ2dHQkFIY0pIdUtOZ2F6MzJJYkdjMy9uM0VZeXRXTjVzRTcxbkJDTDFQNGVhUS90Cmh3VzNFTktEN1ZKTEltMUQ3NVZvQzRvWkZLRTFTUDNEKzhseTVpOU40dUFTS1N1RmhGM1NlMjRVQS9LMkNHRzkKYzhkUkNiM25yWUZKbUdIM3VGQjYzcjBaem9Uek1DMnFtYUNUN0hjUGpPcFBZR0hXV2dBN2MxVVA5Smg3amZ1TQphVTBPVDY0c2lvYU41UUVscXhyUDhOYkdyZktIT0M1Qk9JeFZpMUdkNFBKRkY1NUNKaktNV0ZveFlJQzhXSUZpCmZnT1pSWDZLdThrc3AzTjhEN3NQajc4cVdSWUFseGRHdTNFZGh5SzZlZm9ZeisydHR3OGpxMDIzNE5qNldFU3cKR0ZkWEV0Q2xTa3NrTTR3MHVyMEJ0cGdTQlV0cVNXa01jaDBiTHduZ0NDa3BMZVJSMVkvd2NRcmc0SUFzMG1ZZApZNnJkTTZYVXBmMUloV2grMmN4QzFpYmFQYjMxNU81dzBRM0xoVXJKdm9NbUVtN1UrTHR0K3Zhei9wSmoxUng3ClBYeXlIZU1Qb0EycWJ1WFZzSll0Q09XNE1HNHRqQ2JvRC9jU2ljWW9ia0k0VXE5SGM1M05ITVg1VG1QL2Y4eDkKbUh6S010WDhLQUpBamx4d0paQjMrQT09Ci0tLS0tRU5EIENFUlRJRklDQVRFLS0tLS0K"
              }
            ],
            "master_authorized_networks_config": [],
            "master_version": "1.21.5-gke.1302",
            "min_master_version": null,
            "monitoring_config": [
              {
                "enable_components": []
              }
            ],
            "monitoring_service": "none",
            "name": "template-gke-cluster",
            "network": "projects/personal-331119/global/networks/template-network",
            "network_policy": [
              {
                "enabled": false,
                "provider": "PROVIDER_UNSPECIFIED"
              }
            ],
            "networking_mode": "VPC_NATIVE",
            "node_config": [],
            "node_locations": [],
            "node_pool": [],
            "node_version": "1.21.5-gke.1302",
            "operation": null,
            "private_cluster_config": [],
            "private_ipv6_google_access": "",
            "project": "personal-331119",
            "release_channel": [
              {
                "channel": "REGULAR"
              }
            ],
            "remove_default_node_pool": true,
            "resource_labels": null,
            "resource_usage_export_config": [],
            "self_link": "https://container.googleapis.com/v1/projects/personal-331119/zones/europe-central2-a/clusters/template-gke-cluster",
            "services_ipv4_cidr": "192.168.64.0/22",
            "subnetwork": "projects/personal-331119/regions/europe-central2/subnetworks/template-subnetwork",
            "timeouts": null,
            "tpu_ipv4_cidr_block": "",
            "vertical_pod_autoscaling": [],
            "workload_identity_config": []
          },
          "sensitive_attributes": [],
          "private": "eyJlMmJmYjczMC1lY2FhLTExZTYtOGY4OC0zNDM2M2JjN2M0YzAiOnsiY3JlYXRlIjoyNDAwMDAwMDAwMDAwLCJkZWxldGUiOjI0MDAwMDAwMDAwMDAsInJlYWQiOjI0MDAwMDAwMDAwMDAsInVwZGF0ZSI6MzYwMDAwMDAwMDAwMH0sInNjaGVtYV92ZXJzaW9uIjoiMSJ9",
          "dependencies": [
            "google_compute_network.template-network",
            "google_compute_subnetwork.template-subnetwork"
          ]
        }
      ]
    },
    {
      "mode": "managed",
      "type": "google_container_node_pool",
      "name": "template-gke-node-pool",
      "provider": "provider[\"registry.terraform.io/hashicorp/google\"]",
      "instances": [
        {
          "schema_version": 1,
          "attributes": {
            "autoscaling": [],
            "cluster": "template-gke-cluster",
            "id": "projects/personal-331119/locations/europe-central2-a/clusters/template-gke-cluster/nodePools/template-gke-node-pool",
            "initial_node_count": 1,
            "instance_group_urls": [
              "https://www.googleapis.com/compute/v1/projects/personal-331119/zones/europe-central2-a/instanceGroupManagers/gke-template-gke-clu-template-gke-nod-f5abd8e1-grp"
            ],
            "location": "europe-central2-a",
            "managed_instance_group_urls": [
              "https://www.googleapis.com/compute/v1/projects/personal-331119/zones/europe-central2-a/instanceGroups/gke-template-gke-clu-template-gke-nod-f5abd8e1-grp"
            ],
            "management": [
              {
                "auto_repair": true,
                "auto_upgrade": true
              }
            ],
            "max_pods_per_node": 110,
            "name": "template-gke-node-pool",
            "name_prefix": "",
            "node_config": [
              {
                "disk_size_gb": 10,
                "disk_type": "pd-standard",
                "guest_accelerator": [],
                "image_type": "COS_CONTAINERD",
                "labels": {},
                "local_ssd_count": 0,
                "machine_type": "e2-medium",
                "metadata": {
                  "disable-legacy-endpoints": "true"
                },
                "min_cpu_platform": "",
                "oauth_scopes": [
                  "https://www.googleapis.com/auth/monitoring.write"
                ],
                "preemptible": true,
                "service_account": "default",
                "shielded_instance_config": [
                  {
                    "enable_integrity_monitoring": true,
                    "enable_secure_boot": false
                  }
                ],
                "tags": null,
                "taint": [],
                "workload_metadata_config": []
              }
            ],
            "node_count": 1,
            "node_locations": [
              "europe-central2-a"
            ],
            "operation": null,
            "project": "personal-331119",
            "timeouts": null,
            "upgrade_settings": [
              {
                "max_surge": 1,
                "max_unavailable": 0
              }
            ],
            "version": "1.21.5-gke.1302"
          },
          "sensitive_attributes": [],
          "private": "eyJlMmJmYjczMC1lY2FhLTExZTYtOGY4OC0zNDM2M2JjN2M0YzAiOnsiY3JlYXRlIjoxODAwMDAwMDAwMDAwLCJkZWxldGUiOjE4MDAwMDAwMDAwMDAsInVwZGF0ZSI6MTgwMDAwMDAwMDAwMH0sInNjaGVtYV92ZXJzaW9uIjoiMSJ9",
          "dependencies": [
            "google_compute_network.template-network",
            "google_compute_subnetwork.template-subnetwork",
            "google_container_cluster.template-gke-cluster"
          ]
        }
      ]
    }
  ]
}
