{
  "version": 4,
  "terraform_version": "1.0.11",
  "serial": 62,
  "lineage": "66aecc7a-9be2-aae9-2d9f-37026f5fcd7e",
  "outputs": {},
  "resources": [
    {
      "mode": "data",
      "type": "google_client_config",
      "name": "template-gke-client-config",
      "provider": "provider[\"registry.terraform.io/hashicorp/google\"]",
      "instances": [
        {
          "schema_version": 0,
          "attributes": {
            "access_token": "ya29.c.b0AXv0zTPTRys-ZJv374EEsjuAB7ouw9bGgHCSPKKAGfMMBE_6Zkk8BhtOP9u7sX6pNP_gOlyOYR8VI1Ky1aDslWdKgYDtAthvbQGzYh34N5aui_DZclADYvB_p1YhnxZzGxVJsZ710YRdP6P33fRGR40C8rrTCi0CdQFLaP_1VJQnitGeCUgf7L8yhFnLXMTf9D7qNmQJmkzvmvXtX_LHEfANSzbkx62z.....................................................................................................................................................................................................................................................................................................................................................................................................................................................................................................................................................................................................................................................................................................................................................................................",
            "id": "projects/personal-331119/regions//zones/",
            "project": "personal-331119",
            "region": "",
            "zone": ""
          },
          "sensitive_attributes": []
        }
      ]
    },
    {
      "mode": "managed",
      "type": "google_compute_network",
      "name": "template-network",
      "provider": "provider[\"registry.terraform.io/hashicorp/google\"]",
      "instances": [
        {
          "schema_version": 0,
          "attributes": {
            "auto_create_subnetworks": false,
            "delete_default_routes_on_create": false,
            "description": "",
            "gateway_ipv4": "",
            "id": "projects/personal-331119/global/networks/template-network",
            "mtu": 0,
            "name": "template-network",
            "project": "personal-331119",
            "routing_mode": "REGIONAL",
            "self_link": "https://www.googleapis.com/compute/v1/projects/personal-331119/global/networks/template-network",
            "timeouts": null
          },
          "sensitive_attributes": [],
          "private": "eyJlMmJmYjczMC1lY2FhLTExZTYtOGY4OC0zNDM2M2JjN2M0YzAiOnsiY3JlYXRlIjoyNDAwMDAwMDAwMDAsImRlbGV0ZSI6MjQwMDAwMDAwMDAwLCJ1cGRhdGUiOjI0MDAwMDAwMDAwMH19"
        }
      ]
    },
    {
      "mode": "managed",
      "type": "google_compute_subnetwork",
      "name": "template-subnetwork",
      "provider": "provider[\"registry.terraform.io/hashicorp/google\"]",
      "instances": [
        {
          "schema_version": 0,
          "attributes": {
            "creation_timestamp": "2021-12-09T12:36:10.805-08:00",
            "description": "",
            "external_ipv6_prefix": "",
            "fingerprint": null,
            "gateway_address": "10.2.0.1",
            "id": "projects/personal-331119/regions/europe-central2/subnetworks/template-subnetwork",
            "ip_cidr_range": "10.2.0.0/16",
            "ipv6_access_type": "",
            "ipv6_cidr_range": "",
            "log_config": [],
            "name": "template-subnetwork",
            "network": "https://www.googleapis.com/compute/v1/projects/personal-331119/global/networks/template-network",
            "private_ip_google_access": false,
            "private_ipv6_google_access": "DISABLE_GOOGLE_ACCESS",
            "project": "personal-331119",
            "purpose": "PRIVATE",
            "region": "europe-central2",
            "role": "",
            "secondary_ip_range": [
              {
                "ip_cidr_range": "192.168.1.0/24",
                "range_name": "service-range"
              },
              {
                "ip_cidr_range": "192.168.64.0/22",
                "range_name": "pod-ranges"
              }
            ],
            "self_link": "https://www.googleapis.com/compute/v1/projects/personal-331119/regions/europe-central2/subnetworks/template-subnetwork",
            "stack_type": "IPV4_ONLY",
            "timeouts": null
          },
          "sensitive_attributes": [],
          "private": "eyJlMmJmYjczMC1lY2FhLTExZTYtOGY4OC0zNDM2M2JjN2M0YzAiOnsiY3JlYXRlIjozNjAwMDAwMDAwMDAsImRlbGV0ZSI6MzYwMDAwMDAwMDAwLCJ1cGRhdGUiOjM2MDAwMDAwMDAwMH19",
          "dependencies": [
            "google_compute_network.template-network"
          ]
        }
      ]
    },
    {
      "mode": "managed",
      "type": "google_container_cluster",
      "name": "template-gke-cluster",
      "provider": "provider[\"registry.terraform.io/hashicorp/google\"]",
      "instances": [
        {
          "schema_version": 1,
          "attributes": {
            "addons_config": [
              {
                "cloudrun_config": [],
                "horizontal_pod_autoscaling": [],
                "http_load_balancing": [],
                "network_policy_config": [
                  {
                    "disabled": true
                  }
                ]
              }
            ],
            "authenticator_groups_config": [],
            "cluster_autoscaling": [
              {
                "auto_provisioning_defaults": [],
                "enabled": false,
                "resource_limits": []
              }
            ],
            "cluster_ipv4_cidr": "192.168.1.0/24",
            "database_encryption": [
              {
                "key_name": "",
                "state": "DECRYPTED"
              }
            ],
            "datapath_provider": "",
            "default_max_pods_per_node": 110,
            "default_snat_status": [
              {
                "disabled": false
              }
            ],
            "description": "",
            "enable_autopilot": false,
            "enable_binary_authorization": false,
            "enable_intranode_visibility": false,
            "enable_kubernetes_alpha": false,
            "enable_legacy_abac": false,
            "enable_shielded_nodes": true,
            "enable_tpu": false,
            "endpoint": "34.118.64.99",
            "id": "projects/personal-331119/locations/europe-central2-a/clusters/template-gke-cluster",
            "initial_node_count": 1,
            "ip_allocation_policy": [
              {
                "cluster_ipv4_cidr_block": "192.168.1.0/24",
                "cluster_secondary_range_name": "service-range",
                "services_ipv4_cidr_block": "192.168.64.0/22",
                "services_secondary_range_name": "pod-ranges"
              }
            ],
            "label_fingerprint": "a9dc16a7",
            "location": "europe-central2-a",
            "logging_config": [
              {
                "enable_components": []
              }
            ],
            "logging_service": "none",
            "maintenance_policy": [],
            "master_auth": [
              {
                "client_certificate": "",
                "client_certificate_config": [
                  {
                    "issue_client_certificate": false
                  }
                ],
                "client_key": "",
                "cluster_ca_certificate": "LS0tLS1CRUdJTiBDRVJUSUZJQ0FURS0tLS0tCk1JSUVMVENDQXBXZ0F3SUJBZ0lSQUk5VGRIVzMxQzl6RUJ6eHYyVVBmNlV3RFFZSktvWklodmNOQVFFTEJRQXcKTHpFdE1Dc0dBMVVFQXhNa01XWTVabU0yTVRRdFl6aGlOQzAwTURRNExUaGhPRFF0TWpSa016RXpaVFk1TUdOagpNQ0FYRFRJeE1USXdPVEU1TXpZME4xb1lEekl3TlRFeE1qQXlNakF6TmpRM1dqQXZNUzB3S3dZRFZRUURFeVF4ClpqbG1Zell4TkMxak9HSTBMVFF3TkRndE9HRTROQzB5TkdRek1UTmxOamt3WTJNd2dnR2lNQTBHQ1NxR1NJYjMKRFFFQkFRVUFBNElCandBd2dnR0tBb0lCZ1FDUUNKQ0dCVE83SXVrN3hQSXJvWmdhODRlVVpEUWF3clZjL21OdAp0UVRzTnl5MjRlUEtpekgvK0RUb1c5RmQyaW1zYWZKN01kcXhYeCt5ME84Mzc4UDZ5SFNkdXZHd2hkNHc3dXZhCmV1U2hGMVNvMWNJWUdvc3phK0dxQ1ZmOEYyczIrNW9xSlJsQ1prcDRkUkE3MFphVm1zUVVQVE9CdzJ6SWVLRUoKeWp3dkZsby9qbXIzT3RhTFRoRTF0MDJHbWZNWjZYcFpQNWo0bm9EZWVDT29rWXNaSTc2Q2FGTHBSbWdJUXQzbAppeWpTSUIzWHExS3Z4Z3ZqaENVRnVENjYrMXB4aFJqY3hZam5Xem53WnRKTnFyblhBYXZta0VQOWZzakJHdzZ0CnBTMmx6aUlPUUlsSVdXbkhocmh1eHVpbEdSWUZiWEYxb3JHY3RNOGpsZDZLSjR4dFJORldRd3dkVHBOWGVDa28KRkMwZ1hvODg4Q0RUejIrSEdqNVhQUDNCSXdhS0pXUzJIbjZ6Y0ZkUXFIOUNoMDZUUG50VFJwc1JZUHk1Mmc2dwpWcytiTEQ3bUhMVUNrZkQrenlSR1Jidkh4S2dFTElQQVRlYVl3MjdiRlJBMHhPa3J2Q1FqSUQzTzEzanh5cnc0CkhkWVFIWUg4T2lraHYzMWlQbU9CMVJQcHF2TUNBd0VBQWFOQ01FQXdEZ1lEVlIwUEFRSC9CQVFEQWdJRU1BOEcKQTFVZEV3RUIvd1FGTUFNQkFmOHdIUVlEVlIwT0JCWUVGSHJxSWRTRUE5WGg4cS80TVlaYm84Ky9yMmsrTUEwRwpDU3FHU0liM0RRRUJDd1VBQTRJQmdRQUJ1bjA0Y2RwcXdlSG9hdnRwdElJaGRHZE5DZjA2ZUtpanN5MkZMa1UzCnZNVnRFM2FjUkpzejJOd2M0dU40cExFYmpxTFF2R2ZUWFVPcTY4QVNmZktwTUt1aytUeGdKcUcxd0d4M3MzWkoKQW9hdkFQc0tRSEJyT1daWjdYT3BUYmhhVWVnWXdQZEFKNzJTcE92UDNtcTQ1RkxCcW5OMHA0M0RpNWNDYktINApGUkEvdXoyRVVtVVdyU3dYVTR2bmhOUGI3T1NiZ3RyWllRZVBXalJsRmtVVExheEZoSkE5Q2R2WGJVcWhIaTRlCnpVcGpsSXVDNzZBNmRQT2ZPU2w1RzZRMGdwamdQNzNkbGMzdDU1Yjd6RmxkcmxlMmEzdHl6UnU0R0ljNjh2Y2oKUkZ6MDlRMGlpeFJ4T2Z5S1hidUpSTWRTWnczb0paa05kMDJzSGpNWEtBQ3hCU2YyZjd0NFQvNWZPNit1b00rTgo5WHo0MnFWZG83YTFOeTZQN01RZUo0bmlBQUltWDdFMHQ1ZmhtNTBCdGUrTjl4ZjU4em0wTEd4MUxhUzUvNFNIClNKT21JMkg1czBlcnZ5UnRoRjR5Q2N4YmZvU2tTTWtjc0Q4TnluaHV1Y1UxYkxHRzRXUy9CNndFK2hYUzFTUHMKcEhLdXhLZ2xPcWltVGRTemtwWEpibjg9Ci0tLS0tRU5EIENFUlRJRklDQVRFLS0tLS0K"
              }
            ],
            "master_authorized_networks_config": [],
            "master_version": "1.21.5-gke.1302",
            "min_master_version": null,
            "monitoring_config": [
              {
                "enable_components": []
              }
            ],
            "monitoring_service": "none",
            "name": "template-gke-cluster",
            "network": "projects/personal-331119/global/networks/template-network",
            "network_policy": [
              {
                "enabled": false,
                "provider": "PROVIDER_UNSPECIFIED"
              }
            ],
            "networking_mode": "VPC_NATIVE",
            "node_config": [],
            "node_locations": [],
            "node_pool": [],
            "node_version": "1.21.5-gke.1302",
            "operation": null,
            "private_cluster_config": [],
            "private_ipv6_google_access": "",
            "project": "personal-331119",
            "release_channel": [
              {
                "channel": "REGULAR"
              }
            ],
            "remove_default_node_pool": true,
            "resource_labels": null,
            "resource_usage_export_config": [],
            "self_link": "https://container.googleapis.com/v1/projects/personal-331119/zones/europe-central2-a/clusters/template-gke-cluster",
            "services_ipv4_cidr": "192.168.64.0/22",
            "subnetwork": "projects/personal-331119/regions/europe-central2/subnetworks/template-subnetwork",
            "timeouts": null,
            "tpu_ipv4_cidr_block": "",
            "vertical_pod_autoscaling": [],
            "workload_identity_config": []
          },
          "sensitive_attributes": [],
          "private": "eyJlMmJmYjczMC1lY2FhLTExZTYtOGY4OC0zNDM2M2JjN2M0YzAiOnsiY3JlYXRlIjoyNDAwMDAwMDAwMDAwLCJkZWxldGUiOjI0MDAwMDAwMDAwMDAsInJlYWQiOjI0MDAwMDAwMDAwMDAsInVwZGF0ZSI6MzYwMDAwMDAwMDAwMH0sInNjaGVtYV92ZXJzaW9uIjoiMSJ9",
          "dependencies": [
            "google_compute_network.template-network",
            "google_compute_subnetwork.template-subnetwork"
          ]
        }
      ]
    },
    {
      "mode": "managed",
      "type": "kubernetes_namespace",
      "name": "template-namespace",
      "provider": "provider[\"registry.terraform.io/hashicorp/kubernetes\"]",
      "instances": [
        {
          "schema_version": 0,
          "attributes": {
            "id": "template",
            "metadata": [
              {
                "annotations": null,
                "generate_name": "",
                "generation": 0,
                "labels": null,
                "name": "template",
                "resource_version": "2149",
                "uid": "bd4950ae-d1d8-4de4-b333-20f611d6f659"
              }
            ],
            "timeouts": null
          },
          "sensitive_attributes": [],
          "private": "eyJlMmJmYjczMC1lY2FhLTExZTYtOGY4OC0zNDM2M2JjN2M0YzAiOnsiZGVsZXRlIjozMDAwMDAwMDAwMDB9fQ==",
          "dependencies": [
            "data.google_client_config.template-gke-client-config",
            "google_compute_network.template-network",
            "google_compute_subnetwork.template-subnetwork",
            "google_container_cluster.template-gke-cluster"
          ]
        }
      ]
    },
    {
      "mode": "managed",
      "type": "kubernetes_secret",
      "name": "registry-credential",
      "provider": "provider[\"registry.terraform.io/hashicorp/kubernetes\"]",
      "instances": [
        {
          "schema_version": 0,
          "attributes": {
            "binary_data": null,
            "data": {
              ".dockerconfigjson": "{\n  \"auths\": {\n    \"https://index.docker.io/v1/\": {\n      \"auth\": \"c2ViY3p1Onp2em1jNXY3UGFzcyE=\"\n    }\n  },\n  \"HttpHeaders\": {\n    \"User-Agent\": \"Docker-Client/19.03.11 (linux)\"\n  }\n}"
            },
            "id": "template/registry-credential",
            "immutable": false,
            "metadata": [
              {
                "annotations": null,
                "generate_name": "",
                "generation": 0,
                "labels": null,
                "name": "registry-credential",
                "namespace": "template",
                "resource_version": "2154",
                "uid": "2d236d21-8489-4f9d-81da-89debe3598c9"
              }
            ],
            "type": "kubernetes.io/dockerconfigjson"
          },
          "sensitive_attributes": [],
          "private": "bnVsbA==",
          "dependencies": [
            "data.google_client_config.template-gke-client-config",
            "google_compute_network.template-network",
            "google_compute_subnetwork.template-subnetwork",
            "google_container_cluster.template-gke-cluster"
          ]
        }
      ]
    }
  ]
}
